lockfileVersion: 5.4

specifiers:
  aws-cdk: 2.47.0

dependencies:
  aws-cdk: 2.47.0

packages:

  /aws-cdk/2.47.0:
    resolution: {integrity: sha512-v0S98ddAQ6bbe3uc7UvoxcQGebeIxZBv9tqvfj1f6IpauWpodApgX7s0yJtGbRWIX120Z8eaO8m/M+BeGrpRDQ==}
    engines: {node: '>= 14.15.0'}
    hasBin: true
    optionalDependencies:
      fsevents: 2.3.2
    dev: false

  /fsevents/2.3.2:
    resolution: {integrity: sha512-xiqMQR4xAeHTuB9uWm+fFRcIOgKBMiOBP+eXiyT7jsgVCq1bkVygt00oASowB7EdtpOHaaPgKt812P9ab+DDKA==}
    engines: {node: ^8.16.0 || ^10.6.0 || >=11.0.0}
    os: [darwin]
    requiresBuild: true
    dev: false
    optional: true
